[root]
name = "git-scrub"
version = "0.0.1"
dependencies = [
 "git2 0.0.1 (git+https://github.com/alexcrichton/git2-rs)",
]

[[package]]
name = "gcc"
version = "0.1.1"
source = "git+https://github.com/alexcrichton/gcc-rs#d35c34c871dd75f97fadf04cb0ed85d997a9bc0c"

[[package]]
name = "git2"
version = "0.0.1"
source = "git+https://github.com/alexcrichton/git2-rs#6530041ad9cd746bbdc1eed7fbe5c82dba6c8cb1"
dependencies = [
 "libgit2-sys 0.0.1 (git+https://github.com/alexcrichton/git2-rs)",
 "time 0.1.2 (git+https://github.com/rust-lang/time)",
 "url 0.2.5 (git+https://github.com/servo/rust-url)",
]

[[package]]
name = "libgit2-sys"
version = "0.0.1"
source = "git+https://github.com/alexcrichton/git2-rs#6530041ad9cd746bbdc1eed7fbe5c82dba6c8cb1"
dependencies = [
 "libssh2-sys 0.0.1 (git+https://github.com/alexcrichton/ssh2-rs)",
 "openssl-sys 0.2.4 (git+https://github.com/sfackler/rust-openssl)",
 "pkg-config 0.1.1 (git+https://github.com/alexcrichton/pkg-config-rs)",
]

[[package]]
name = "libressl-pnacl-sys"
version = "2.1.0"
source = "registry+https://github.com/rust-lang/crates.io-index"
dependencies = [
 "pnacl-build-helper 1.0.0 (registry+https://github.com/rust-lang/crates.io-index)",
]

[[package]]
name = "libssh2-sys"
version = "0.0.1"
source = "git+https://github.com/alexcrichton/ssh2-rs#43996526768a6cfce9c2c3111210054f0c75f406"
dependencies = [
 "libz-sys 0.1.0 (git+https://github.com/alexcrichton/libz-sys)",
 "openssl-sys 0.2.4 (git+https://github.com/sfackler/rust-openssl)",
 "pkg-config 0.1.1 (git+https://github.com/alexcrichton/pkg-config-rs)",
]

[[package]]
name = "libz-sys"
version = "0.1.0"
source = "git+https://github.com/alexcrichton/libz-sys#6c19f1309966ce5959ec0472a4730f457136f687"
dependencies = [
 "pkg-config 0.1.1 (git+https://github.com/alexcrichton/pkg-config-rs)",
]

[[package]]
name = "openssl-sys"
version = "0.2.4"
source = "git+https://github.com/sfackler/rust-openssl#f299e336d06a85438c3ee90aa06235510f3f5dbe"
dependencies = [
 "libressl-pnacl-sys 2.1.0 (registry+https://github.com/rust-lang/crates.io-index)",
 "pkg-config 0.1.1 (registry+https://github.com/rust-lang/crates.io-index)",
]

[[package]]
name = "pkg-config"
version = "0.1.1"
source = "git+https://github.com/alexcrichton/pkg-config-rs#9a57960fa5c3480e8daa318772f3b0d1c76b572c"

[[package]]
name = "pkg-config"
version = "0.1.1"
source = "registry+https://github.com/rust-lang/crates.io-index"

[[package]]
name = "pnacl-build-helper"
version = "1.0.0"
source = "registry+https://github.com/rust-lang/crates.io-index"

[[package]]
name = "time"
version = "0.1.2"
source = "git+https://github.com/rust-lang/time#0e9230893ef6508f26fb270001e387fd680ef07d"
dependencies = [
 "gcc 0.1.1 (git+https://github.com/alexcrichton/gcc-rs)",
]

[[package]]
name = "url"
version = "0.2.5"
source = "git+https://github.com/servo/rust-url#c177fb35e9158065c1b4d0760583549bc0c3334c"

