[root]
name = "git-scrub"
version = "0.0.1"
dependencies = [
 "git2 0.0.1 (git+https://github.com/alexcrichton/git2-rs)",
]

[[package]]
name = "gcc"
version = "0.1.1"
source = "git+https://github.com/alexcrichton/gcc-rs#d35c34c871dd75f97fadf04cb0ed85d997a9bc0c"

[[package]]
name = "git2"
version = "0.0.1"
source = "git+https://github.com/alexcrichton/git2-rs#fda0c5dbcc5ab59cc6b6fe5049be7a4d0b2a4ed7"
dependencies = [
 "libgit2-sys 0.0.1 (git+https://github.com/alexcrichton/git2-rs)",
 "time 0.1.1 (git+https://github.com/rust-lang/time)",
 "url 0.2.3 (git+https://github.com/servo/rust-url)",
]

[[package]]
name = "libgit2-sys"
version = "0.0.1"
source = "git+https://github.com/alexcrichton/git2-rs#fda0c5dbcc5ab59cc6b6fe5049be7a4d0b2a4ed7"
dependencies = [
 "libssh2-sys 0.0.1 (git+https://github.com/alexcrichton/ssh2-rs)",
 "openssl-sys 0.2.3 (git+https://github.com/sfackler/rust-openssl)",
 "pkg-config 0.1.1 (git+https://github.com/alexcrichton/pkg-config-rs)",
]

[[package]]
name = "libressl-pnacl-sys"
version = "2.1.0"
source = "registry+https://github.com/rust-lang/crates.io-index"
dependencies = [
 "pnacl-build-helper 1.0.0 (registry+https://github.com/rust-lang/crates.io-index)",
]

[[package]]
name = "libssh2-sys"
version = "0.0.1"
source = "git+https://github.com/alexcrichton/ssh2-rs#5319ce3a7dc4d417af9d94b8671c41ad43018b10"
dependencies = [
 "libz-sys 0.1.0 (git+https://github.com/alexcrichton/libz-sys)",
 "openssl-sys 0.2.3 (git+https://github.com/sfackler/rust-openssl)",
 "pkg-config 0.1.1 (git+https://github.com/alexcrichton/pkg-config-rs)",
]

[[package]]
name = "libz-sys"
version = "0.1.0"
source = "git+https://github.com/alexcrichton/libz-sys#6c19f1309966ce5959ec0472a4730f457136f687"
dependencies = [
 "pkg-config 0.1.1 (git+https://github.com/alexcrichton/pkg-config-rs)",
]

[[package]]
name = "openssl-sys"
version = "0.2.3"
source = "git+https://github.com/sfackler/rust-openssl#9754b8e47db5faff2930ed070527d2d71e76e094"
dependencies = [
 "libressl-pnacl-sys 2.1.0 (registry+https://github.com/rust-lang/crates.io-index)",
 "pkg-config 0.1.1 (registry+https://github.com/rust-lang/crates.io-index)",
]

[[package]]
name = "pkg-config"
version = "0.1.1"
source = "git+https://github.com/alexcrichton/pkg-config-rs#9a57960fa5c3480e8daa318772f3b0d1c76b572c"

[[package]]
name = "pkg-config"
version = "0.1.1"
source = "registry+https://github.com/rust-lang/crates.io-index"

[[package]]
name = "pnacl-build-helper"
version = "1.0.0"
source = "registry+https://github.com/rust-lang/crates.io-index"

[[package]]
name = "time"
version = "0.1.1"
source = "git+https://github.com/rust-lang/time#288b362e0d3cd9e36a4654c9520e021587f707d1"
dependencies = [
 "gcc 0.1.1 (git+https://github.com/alexcrichton/gcc-rs)",
]

[[package]]
name = "url"
version = "0.2.3"
source = "git+https://github.com/servo/rust-url#1c738d2640731f6da58b85bb5a04883b81835b66"

